
Microsoft Visual Studio Solution File, Format Version 12.00
# Visual Studio 15
VisualStudioVersion = 15.0.26430.12
MinimumVisualStudioVersion = 10.0.40219.1
Project("{FAE04EC0-301F-11D3-BF4B-00C04F79EFBC}") = "VehicleManagementSystem", "VehicleManagementSystem\VehicleManagementSystem.csproj", "{965439EA-F26E-4E6B-A016-A3DB0EA9DA5D}"
EndProject
Project("{FAE04EC0-301F-11D3-BF4B-00C04F79EFBC}") = "TransportationDB", "TransportationDB\TransportationDB.csproj", "{82648F19-C046-4F57-9A33-05AAC0427A84}"
EndProject
Global
	GlobalSection(SolutionConfigurationPlatforms) = preSolution
		Debug|Any CPU = Debug|Any CPU
		Release|Any CPU = Release|Any CPU
	EndGlobalSection
	GlobalSection(ProjectConfigurationPlatforms) = postSolution
		{965439EA-F26E-4E6B-A016-A3DB0EA9DA5D}.Debug|Any CPU.ActiveCfg = Debug|Any CPU
		{965439EA-F26E-4E6B-A016-A3DB0EA9DA5D}.Debug|Any CPU.Build.0 = Debug|Any CPU
		{965439EA-F26E-4E6B-A016-A3DB0EA9DA5D}.Release|Any CPU.ActiveCfg = Release|Any CPU
		{965439EA-F26E-4E6B-A016-A3DB0EA9DA5D}.Release|Any CPU.Build.0 = Release|Any CPU
		{82648F19-C046-4F57-9A33-05AAC0427A84}.Debug|Any CPU.ActiveCfg = Debug|Any CPU
		{82648F19-C046-4F57-9A33-05AAC0427A84}.Debug|Any CPU.Build.0 = Debug|Any CPU
		{82648F19-C046-4F57-9A33-05AAC0427A84}.Release|Any CPU.ActiveCfg = Release|Any CPU
		{82648F19-C046-4F57-9A33-05AAC0427A84}.Release|Any CPU.Build.0 = Release|Any CPU
	EndGlobalSection
	GlobalSection(SolutionProperties) = preSolution
		HideSolutionNode = FALSE
	EndGlobalSection
EndGlobal
